// !$*UTF8*$!
{
	archiveVersion = 1;
	classes = {
	};
	objectVersion = 56;
	objects = {

/* Begin PBXBuildFile section */
		2E2A30A9295C913500F8D78B /* PhotoDetailViewController.swift in Sources */ = {isa = PBXBuildFile; fileRef = 2E2A30A7295C913500F8D78B /* PhotoDetailViewController.swift */; };
		2EA1F3E4295C674D000E94A1 /* AppDelegate.swift in Sources */ = {isa = PBXBuildFile; fileRef = 2EA1F3E3295C674D000E94A1 /* AppDelegate.swift */; };
		2EA1F3E6295C674D000E94A1 /* SceneDelegate.swift in Sources */ = {isa = PBXBuildFile; fileRef = 2EA1F3E5295C674D000E94A1 /* SceneDelegate.swift */; };
		2EA1F3E8295C674D000E94A1 /* RecentPhotosTableViewController.swift in Sources */ = {isa = PBXBuildFile; fileRef = 2EA1F3E7295C674D000E94A1 /* RecentPhotosTableViewController.swift */; };
		2EA1F3EB295C674D000E94A1 /* Main.storyboard in Resources */ = {isa = PBXBuildFile; fileRef = 2EA1F3E9295C674D000E94A1 /* Main.storyboard */; };
		2EA1F3ED295C674D000E94A1 /* Assets.xcassets in Resources */ = {isa = PBXBuildFile; fileRef = 2EA1F3EC295C674D000E94A1 /* Assets.xcassets */; };
		2EA1F3F0295C674D000E94A1 /* LaunchScreen.storyboard in Resources */ = {isa = PBXBuildFile; fileRef = 2EA1F3EE295C674D000E94A1 /* LaunchScreen.storyboard */; };
		2EA1F3FD295C76CA000E94A1 /* RecentPhotoCustomCell.swift in Sources */ = {isa = PBXBuildFile; fileRef = 2EA1F3FB295C76CA000E94A1 /* RecentPhotoCustomCell.swift */; };
		2EA1F3FE295C76CA000E94A1 /* RecentPhotoCustomCell.xib in Resources */ = {isa = PBXBuildFile; fileRef = 2EA1F3FC295C76CA000E94A1 /* RecentPhotoCustomCell.xib */; };
		2EB019AB295CDC8B0011D812 /* PhotosResponse.swift in Sources */ = {isa = PBXBuildFile; fileRef = 2EB019AA295CDC8B0011D812 /* PhotosResponse.swift */; };
		2EB019AD295CDCFD0011D812 /* Photos.swift in Sources */ = {isa = PBXBuildFile; fileRef = 2EB019AC295CDCFD0011D812 /* Photos.swift */; };
		2EB019AF295CDFBF0011D812 /* Photo.swift in Sources */ = {isa = PBXBuildFile; fileRef = 2EB019AE295CDFBF0011D812 /* Photo.swift */; };
/* End PBXBuildFile section */

/* Begin PBXFileReference section */
		2E2A30A7295C913500F8D78B /* PhotoDetailViewController.swift */ = {isa = PBXFileReference; lastKnownFileType = sourcecode.swift; path = PhotoDetailViewController.swift; sourceTree = "<group>"; };
		2EA1F3E0295C674D000E94A1 /* SearchingPhotosAPI.app */ = {isa = PBXFileReference; explicitFileType = wrapper.application; includeInIndex = 0; path = SearchingPhotosAPI.app; sourceTree = BUILT_PRODUCTS_DIR; };
		2EA1F3E3295C674D000E94A1 /* AppDelegate.swift */ = {isa = PBXFileReference; lastKnownFileType = sourcecode.swift; path = AppDelegate.swift; sourceTree = "<group>"; };
		2EA1F3E5295C674D000E94A1 /* SceneDelegate.swift */ = {isa = PBXFileReference; lastKnownFileType = sourcecode.swift; path = SceneDelegate.swift; sourceTree = "<group>"; };
		2EA1F3E7295C674D000E94A1 /* RecentPhotosTableViewController.swift */ = {isa = PBXFileReference; lastKnownFileType = sourcecode.swift; path = RecentPhotosTableViewController.swift; sourceTree = "<group>"; };
		2EA1F3EA295C674D000E94A1 /* Base */ = {isa = PBXFileReference; lastKnownFileType = file.storyboard; name = Base; path = Base.lproj/Main.storyboard; sourceTree = "<group>"; };
		2EA1F3EC295C674D000E94A1 /* Assets.xcassets */ = {isa = PBXFileReference; lastKnownFileType = folder.assetcatalog; path = Assets.xcassets; sourceTree = "<group>"; };
		2EA1F3EF295C674D000E94A1 /* Base */ = {isa = PBXFileReference; lastKnownFileType = file.storyboard; name = Base; path = Base.lproj/LaunchScreen.storyboard; sourceTree = "<group>"; };
		2EA1F3F1295C674D000E94A1 /* Info.plist */ = {isa = PBXFileReference; lastKnownFileType = text.plist.xml; path = Info.plist; sourceTree = "<group>"; };
		2EA1F3FB295C76CA000E94A1 /* RecentPhotoCustomCell.swift */ = {isa = PBXFileReference; lastKnownFileType = sourcecode.swift; path = RecentPhotoCustomCell.swift; sourceTree = "<group>"; };
		2EA1F3FC295C76CA000E94A1 /* RecentPhotoCustomCell.xib */ = {isa = PBXFileReference; lastKnownFileType = file.xib; path = RecentPhotoCustomCell.xib; sourceTree = "<group>"; };
		2EB019AA295CDC8B0011D812 /* PhotosResponse.swift */ = {isa = PBXFileReference; lastKnownFileType = sourcecode.swift; path = PhotosResponse.swift; sourceTree = "<group>"; };
		2EB019AC295CDCFD0011D812 /* Photos.swift */ = {isa = PBXFileReference; lastKnownFileType = sourcecode.swift; path = Photos.swift; sourceTree = "<group>"; };
		2EB019AE295CDFBF0011D812 /* Photo.swift */ = {isa = PBXFileReference; lastKnownFileType = sourcecode.swift; path = Photo.swift; sourceTree = "<group>"; };
/* End PBXFileReference section */

/* Begin PBXFrameworksBuildPhase section */
		2EA1F3DD295C674D000E94A1 /* Frameworks */ = {
			isa = PBXFrameworksBuildPhase;
			buildActionMask = 2147483647;
			files = (
			);
			runOnlyForDeploymentPostprocessing = 0;
		};
/* End PBXFrameworksBuildPhase section */

/* Begin PBXGroup section */
		2EA1F3D7295C674D000E94A1 = {
			isa = PBXGroup;
			children = (
				2EA1F3E2295C674D000E94A1 /* SearchingPhotosAPI */,
				2EA1F3E1295C674D000E94A1 /* Products */,
			);
			sourceTree = "<group>";
		};
		2EA1F3E1295C674D000E94A1 /* Products */ = {
			isa = PBXGroup;
			children = (
				2EA1F3E0295C674D000E94A1 /* SearchingPhotosAPI.app */,
			);
			name = Products;
			sourceTree = "<group>";
		};
		2EA1F3E2295C674D000E94A1 /* SearchingPhotosAPI */ = {
			isa = PBXGroup;
			children = (
				2EA1F3F9295C678C000E94A1 /* Screens */,
				2EA1F3F8295C6770000E94A1 /* SupportingFiles */,
				2EA1F3F7295C6754000E94A1 /* App */,
			);
			path = SearchingPhotosAPI;
			sourceTree = "<group>";
		};
		2EA1F3F7295C6754000E94A1 /* App */ = {
			isa = PBXGroup;
			children = (
				2EA1F3E3295C674D000E94A1 /* AppDelegate.swift */,
				2EA1F3E5295C674D000E94A1 /* SceneDelegate.swift */,
			);
			path = App;
			sourceTree = "<group>";
		};
		2EA1F3F8295C6770000E94A1 /* SupportingFiles */ = {
			isa = PBXGroup;
			children = (
				2EA1F3EC295C674D000E94A1 /* Assets.xcassets */,
				2EA1F3EE295C674D000E94A1 /* LaunchScreen.storyboard */,
				2EA1F3F1295C674D000E94A1 /* Info.plist */,
			);
			path = SupportingFiles;
			sourceTree = "<group>";
		};
		2EA1F3F9295C678C000E94A1 /* Screens */ = {
			isa = PBXGroup;
			children = (
				2EA1F404295C8DDE000E94A1 /* RecentCustomCellXib */,
				2EA1F3FF295C8D80000E94A1 /* PhotoDetail */,
				2EA1F3FA295C67C3000E94A1 /* RecentPhotos */,
			);
			path = Screens;
			sourceTree = "<group>";
		};
		2EA1F3FA295C67C3000E94A1 /* RecentPhotos */ = {
			isa = PBXGroup;
			children = (
				2EB019A9295CDC5C0011D812 /* Model */,
				2EA1F406295C8E6F000E94A1 /* View */,
				2EA1F405295C8E53000E94A1 /* Controller */,
			);
			path = RecentPhotos;
			sourceTree = "<group>";
		};
		2EA1F3FF295C8D80000E94A1 /* PhotoDetail */ = {
			isa = PBXGroup;
			children = (
				2EA1F407295C908F000E94A1 /* controller */,
			);
			path = PhotoDetail;
			sourceTree = "<group>";
		};
		2EA1F404295C8DDE000E94A1 /* RecentCustomCellXib */ = {
			isa = PBXGroup;
			children = (
				2EA1F3FB295C76CA000E94A1 /* RecentPhotoCustomCell.swift */,
				2EA1F3FC295C76CA000E94A1 /* RecentPhotoCustomCell.xib */,
			);
			path = RecentCustomCellXib;
			sourceTree = "<group>";
		};
		2EA1F405295C8E53000E94A1 /* Controller */ = {
			isa = PBXGroup;
			children = (
				2EA1F3E7295C674D000E94A1 /* RecentPhotosTableViewController.swift */,
			);
			path = Controller;
			sourceTree = "<group>";
		};
		2EA1F406295C8E6F000E94A1 /* View */ = {
			isa = PBXGroup;
			children = (
				2EA1F3E9295C674D000E94A1 /* Main.storyboard */,
			);
			path = View;
			sourceTree = "<group>";
		};
		2EA1F407295C908F000E94A1 /* controller */ = {
			isa = PBXGroup;
			children = (
				2E2A30A7295C913500F8D78B /* PhotoDetailViewController.swift */,
			);
			path = controller;
			sourceTree = "<group>";
		};
		2EB019A9295CDC5C0011D812 /* Model */ = {
			isa = PBXGroup;
			children = (
				2EB019AA295CDC8B0011D812 /* PhotosResponse.swift */,
				2EB019AC295CDCFD0011D812 /* Photos.swift */,
				2EB019AE295CDFBF0011D812 /* Photo.swift */,
			);
			path = Model;
			sourceTree = "<group>";
		};
/* End PBXGroup section */

/* Begin PBXNativeTarget section */
		2EA1F3DF295C674D000E94A1 /* SearchingPhotosAPI */ = {
			isa = PBXNativeTarget;
			buildConfigurationList = 2EA1F3F4295C674D000E94A1 /* Build configuration list for PBXNativeTarget "SearchingPhotosAPI" */;
			buildPhases = (
				2EA1F3DC295C674D000E94A1 /* Sources */,
				2EA1F3DD295C674D000E94A1 /* Frameworks */,
				2EA1F3DE295C674D000E94A1 /* Resources */,
			);
			buildRules = (
			);
			dependencies = (
			);
			name = SearchingPhotosAPI;
			productName = SearchingPhotosAPI;
			productReference = 2EA1F3E0295C674D000E94A1 /* SearchingPhotosAPI.app */;
			productType = "com.apple.product-type.application";
		};
/* End PBXNativeTarget section */

/* Begin PBXProject section */
		2EA1F3D8295C674D000E94A1 /* Project object */ = {
			isa = PBXProject;
			attributes = {
				BuildIndependentTargetsInParallel = 1;
				LastSwiftUpdateCheck = 1420;
				LastUpgradeCheck = 1420;
				TargetAttributes = {
					2EA1F3DF295C674D000E94A1 = {
						CreatedOnToolsVersion = 14.2;
					};
				};
			};
			buildConfigurationList = 2EA1F3DB295C674D000E94A1 /* Build configuration list for PBXProject "SearchingPhotosAPI" */;
			compatibilityVersion = "Xcode 14.0";
			developmentRegion = en;
			hasScannedForEncodings = 0;
			knownRegions = (
				en,
				Base,
			);
			mainGroup = 2EA1F3D7295C674D000E94A1;
			productRefGroup = 2EA1F3E1295C674D000E94A1 /* Products */;
			projectDirPath = "";
			projectRoot = "";
			targets = (
				2EA1F3DF295C674D000E94A1 /* SearchingPhotosAPI */,
			);
		};
/* End PBXProject section */

/* Begin PBXResourcesBuildPhase section */
		2EA1F3DE295C674D000E94A1 /* Resources */ = {
			isa = PBXResourcesBuildPhase;
			buildActionMask = 2147483647;
			files = (
				2EA1F3FE295C76CA000E94A1 /* RecentPhotoCustomCell.xib in Resources */,
				2EA1F3F0295C674D000E94A1 /* LaunchScreen.storyboard in Resources */,
				2EA1F3ED295C674D000E94A1 /* Assets.xcassets in Resources */,
				2EA1F3EB295C674D000E94A1 /* Main.storyboard in Resources */,
			);
			runOnlyForDeploymentPostprocessing = 0;
		};
/* End PBXResourcesBuildPhase section */

/* Begin PBXSourcesBuildPhase section */
		2EA1F3DC295C674D000E94A1 /* Sources */ = {
			isa = PBXSourcesBuildPhase;
			buildActionMask = 2147483647;
			files = (
				2EB019AF295CDFBF0011D812 /* Photo.swift in Sources */,
				2EA1F3FD295C76CA000E94A1 /* RecentPhotoCustomCell.swift in Sources */,
				2EA1F3E8295C674D000E94A1 /* RecentPhotosTableViewController.swift in Sources */,
				2EA1F3E4295C674D000E94A1 /* AppDelegate.swift in Sources */,
				2EB019AB295CDC8B0011D812 /* PhotosResponse.swift in Sources */,
				2E2A30A9295C913500F8D78B /* PhotoDetailViewController.swift in Sources */,
				2EA1F3E6295C674D000E94A1 /* SceneDelegate.swift in Sources */,
				2EB019AD295CDCFD0011D812 /* Photos.swift in Sources */,
			);
			runOnlyForDeploymentPostprocessing = 0;
		};
/* End PBXSourcesBuildPhase section */

/* Begin PBXVariantGroup section */
		2EA1F3E9295C674D000E94A1 /* Main.storyboard */ = {
			isa = PBXVariantGroup;
			children = (
				2EA1F3EA295C674D000E94A1 /* Base */,
			);
			name = Main.storyboard;
			sourceTree = "<group>";
		};
		2EA1F3EE295C674D000E94A1 /* LaunchScreen.storyboard */ = {
			isa = PBXVariantGroup;
			children = (
				2EA1F3EF295C674D000E94A1 /* Base */,
			);
			name = LaunchScreen.storyboard;
			sourceTree = "<group>";
		};
/* End PBXVariantGroup section */

/* Begin XCBuildConfiguration section */
		2EA1F3F2295C674D000E94A1 /* Debug */ = {
			isa = XCBuildConfiguration;
			buildSettings = {
				ALWAYS_SEARCH_USER_PATHS = NO;
				CLANG_ANALYZER_NONNULL = YES;
				CLANG_ANALYZER_NUMBER_OBJECT_CONVERSION = YES_AGGRESSIVE;
				CLANG_CXX_LANGUAGE_STANDARD = "gnu++20";
				CLANG_ENABLE_MODULES = YES;
				CLANG_ENABLE_OBJC_ARC = YES;
				CLANG_ENABLE_OBJC_WEAK = YES;
				CLANG_WARN_BLOCK_CAPTURE_AUTORELEASING = YES;
				CLANG_WARN_BOOL_CONVERSION = YES;
				CLANG_WARN_COMMA = YES;
				CLANG_WARN_CONSTANT_CONVERSION = YES;
				CLANG_WARN_DEPRECATED_OBJC_IMPLEMENTATIONS = YES;
				CLANG_WARN_DIRECT_OBJC_ISA_USAGE = YES_ERROR;
				CLANG_WARN_DOCUMENTATION_COMMENTS = YES;
				CLANG_WARN_EMPTY_BODY = YES;
				CLANG_WARN_ENUM_CONVERSION = YES;
				CLANG_WARN_INFINITE_RECURSION = YES;
				CLANG_WARN_INT_CONVERSION = YES;
				CLANG_WARN_NON_LITERAL_NULL_CONVERSION = YES;
				CLANG_WARN_OBJC_IMPLICIT_RETAIN_SELF = YES;
				CLANG_WARN_OBJC_LITERAL_CONVERSION = YES;
				CLANG_WARN_OBJC_ROOT_CLASS = YES_ERROR;
				CLANG_WARN_QUOTED_INCLUDE_IN_FRAMEWORK_HEADER = YES;
				CLANG_WARN_RANGE_LOOP_ANALYSIS = YES;
				CLANG_WARN_STRICT_PROTOTYPES = YES;
				CLANG_WARN_SUSPICIOUS_MOVE = YES;
				CLANG_WARN_UNGUARDED_AVAILABILITY = YES_AGGRESSIVE;
				CLANG_WARN_UNREACHABLE_CODE = YES;
				CLANG_WARN__DUPLICATE_METHOD_MATCH = YES;
				COPY_PHASE_STRIP = NO;
				DEBUG_INFORMATION_FORMAT = dwarf;
				ENABLE_STRICT_OBJC_MSGSEND = YES;
				ENABLE_TESTABILITY = YES;
				GCC_C_LANGUAGE_STANDARD = gnu11;
				GCC_DYNAMIC_NO_PIC = NO;
				GCC_NO_COMMON_BLOCKS = YES;
				GCC_OPTIMIZATION_LEVEL = 0;
				GCC_PREPROCESSOR_DEFINITIONS = (
					"DEBUG=1",
					"$(inherited)",
				);
				GCC_WARN_64_TO_32_BIT_CONVERSION = YES;
				GCC_WARN_ABOUT_RETURN_TYPE = YES_ERROR;
				GCC_WARN_UNDECLARED_SELECTOR = YES;
				GCC_WARN_UNINITIALIZED_AUTOS = YES_AGGRESSIVE;
				GCC_WARN_UNUSED_FUNCTION = YES;
				GCC_WARN_UNUSED_VARIABLE = YES;
				IPHONEOS_DEPLOYMENT_TARGET = 16.2;
				MTL_ENABLE_DEBUG_INFO = INCLUDE_SOURCE;
				MTL_FAST_MATH = YES;
				ONLY_ACTIVE_ARCH = YES;
				SDKROOT = iphoneos;
				SWIFT_ACTIVE_COMPILATION_CONDITIONS = DEBUG;
				SWIFT_OPTIMIZATION_LEVEL = "-Onone";
			};
			name = Debug;
		};
		2EA1F3F3295C674D000E94A1 /* Release */ = {
			isa = XCBuildConfiguration;
			buildSettings = {
				ALWAYS_SEARCH_USER_PATHS = NO;
				CLANG_ANALYZER_NONNULL = YES;
				CLANG_ANALYZER_NUMBER_OBJECT_CONVERSION = YES_AGGRESSIVE;
				CLANG_CXX_LANGUAGE_STANDARD = "gnu++20";
				CLANG_ENABLE_MODULES = YES;
				CLANG_ENABLE_OBJC_ARC = YES;
				CLANG_ENABLE_OBJC_WEAK = YES;
				CLANG_WARN_BLOCK_CAPTURE_AUTORELEASING = YES;
				CLANG_WARN_BOOL_CONVERSION = YES;
				CLANG_WARN_COMMA = YES;
				CLANG_WARN_CONSTANT_CONVERSION = YES;
				CLANG_WARN_DEPRECATED_OBJC_IMPLEMENTATIONS = YES;
				CLANG_WARN_DIRECT_OBJC_ISA_USAGE = YES_ERROR;
				CLANG_WARN_DOCUMENTATION_COMMENTS = YES;
				CLANG_WARN_EMPTY_BODY = YES;
				CLANG_WARN_ENUM_CONVERSION = YES;
				CLANG_WARN_INFINITE_RECURSION = YES;
				CLANG_WARN_INT_CONVERSION = YES;
				CLANG_WARN_NON_LITERAL_NULL_CONVERSION = YES;
				CLANG_WARN_OBJC_IMPLICIT_RETAIN_SELF = YES;
				CLANG_WARN_OBJC_LITERAL_CONVERSION = YES;
				CLANG_WARN_OBJC_ROOT_CLASS = YES_ERROR;
				CLANG_WARN_QUOTED_INCLUDE_IN_FRAMEWORK_HEADER = YES;
				CLANG_WARN_RANGE_LOOP_ANALYSIS = YES;
				CLANG_WARN_STRICT_PROTOTYPES = YES;
				CLANG_WARN_SUSPICIOUS_MOVE = YES;
				CLANG_WARN_UNGUARDED_AVAILABILITY = YES_AGGRESSIVE;
				CLANG_WARN_UNREACHABLE_CODE = YES;
				CLANG_WARN__DUPLICATE_METHOD_MATCH = YES;
				COPY_PHASE_STRIP = NO;
				DEBUG_INFORMATION_FORMAT = "dwarf-with-dsym";
				ENABLE_NS_ASSERTIONS = NO;
				ENABLE_STRICT_OBJC_MSGSEND = YES;
				GCC_C_LANGUAGE_STANDARD = gnu11;
				GCC_NO_COMMON_BLOCKS = YES;
				GCC_WARN_64_TO_32_BIT_CONVERSION = YES;
				GCC_WARN_ABOUT_RETURN_TYPE = YES_ERROR;
				GCC_WARN_UNDECLARED_SELECTOR = YES;
				GCC_WARN_UNINITIALIZED_AUTOS = YES_AGGRESSIVE;
				GCC_WARN_UNUSED_FUNCTION = YES;
				GCC_WARN_UNUSED_VARIABLE = YES;
				IPHONEOS_DEPLOYMENT_TARGET = 16.2;
				MTL_ENABLE_DEBUG_INFO = NO;
				MTL_FAST_MATH = YES;
				SDKROOT = iphoneos;
				SWIFT_COMPILATION_MODE = wholemodule;
				SWIFT_OPTIMIZATION_LEVEL = "-O";
				VALIDATE_PRODUCT = YES;
			};
			name = Release;
		};
		2EA1F3F5295C674D000E94A1 /* Debug */ = {
			isa = XCBuildConfiguration;
			buildSettings = {
				ASSETCATALOG_COMPILER_APPICON_NAME = AppIcon;
				ASSETCATALOG_COMPILER_GLOBAL_ACCENT_COLOR_NAME = AccentColor;
				CODE_SIGN_STYLE = Automatic;
				CURRENT_PROJECT_VERSION = 1;
				DEVELOPMENT_TEAM = 34GKX882TW;
				GENERATE_INFOPLIST_FILE = YES;
				INFOPLIST_FILE = SearchingPhotosAPI/SupportingFiles/Info.plist;
				INFOPLIST_KEY_UIApplicationSupportsIndirectInputEvents = YES;
				INFOPLIST_KEY_UILaunchStoryboardName = LaunchScreen;
				INFOPLIST_KEY_UIMainStoryboardFile = Main;
				INFOPLIST_KEY_UISupportedInterfaceOrientations_iPad = "UIInterfaceOrientationPortrait UIInterfaceOrientationPortraitUpsideDown UIInterfaceOrientationLandscapeLeft UIInterfaceOrientationLandscapeRight";
				INFOPLIST_KEY_UISupportedInterfaceOrientations_iPhone = "UIInterfaceOrientationPortrait UIInterfaceOrientationLandscapeLeft UIInterfaceOrientationLandscapeRight";
				LD_RUNPATH_SEARCH_PATHS = (
					"$(inherited)",
					"@executable_path/Frameworks",
				);
				MARKETING_VERSION = 1.0;
				PRODUCT_BUNDLE_IDENTIFIER = com.muhammedgul.SearchingPhotosAPI;
				PRODUCT_NAME = "$(TARGET_NAME)";
				SWIFT_EMIT_LOC_STRINGS = YES;
				SWIFT_VERSION = 5.0;
				TARGETED_DEVICE_FAMILY = "1,2";
			};
			name = Debug;
		};
		2EA1F3F6295C674D000E94A1 /* Release */ = {
			isa = XCBuildConfiguration;
			buildSettings = {
				ASSETCATALOG_COMPILER_APPICON_NAME = AppIcon;
				ASSETCATALOG_COMPILER_GLOBAL_ACCENT_COLOR_NAME = AccentColor;
				CODE_SIGN_STYLE = Automatic;
				CURRENT_PROJECT_VERSION = 1;
				DEVELOPMENT_TEAM = 34GKX882TW;
				GENERATE_INFOPLIST_FILE = YES;
				INFOPLIST_FILE = SearchingPhotosAPI/SupportingFiles/Info.plist;
				INFOPLIST_KEY_UIApplicationSupportsIndirectInputEvents = YES;
				INFOPLIST_KEY_UILaunchStoryboardName = LaunchScreen;
				INFOPLIST_KEY_UIMainStoryboardFile = Main;
				INFOPLIST_KEY_UISupportedInterfaceOrientations_iPad = "UIInterfaceOrientationPortrait UIInterfaceOrientationPortraitUpsideDown UIInterfaceOrientationLandscapeLeft UIInterfaceOrientationLandscapeRight";
				INFOPLIST_KEY_UISupportedInterfaceOrientations_iPhone = "UIInterfaceOrientationPortrait UIInterfaceOrientationLandscapeLeft UIInterfaceOrientationLandscapeRight";
				LD_RUNPATH_SEARCH_PATHS = (
					"$(inherited)",
					"@executable_path/Frameworks",
				);
				MARKETING_VERSION = 1.0;
				PRODUCT_BUNDLE_IDENTIFIER = com.muhammedgul.SearchingPhotosAPI;
				PRODUCT_NAME = "$(TARGET_NAME)";
				SWIFT_EMIT_LOC_STRINGS = YES;
				SWIFT_VERSION = 5.0;
				TARGETED_DEVICE_FAMILY = "1,2";
			};
			name = Release;
		};
/* End XCBuildConfiguration section */

/* Begin XCConfigurationList section */
		2EA1F3DB295C674D000E94A1 /* Build configuration list for PBXProject "SearchingPhotosAPI" */ = {
			isa = XCConfigurationList;
			buildConfigurations = (
				2EA1F3F2295C674D000E94A1 /* Debug */,
				2EA1F3F3295C674D000E94A1 /* Release */,
			);
			defaultConfigurationIsVisible = 0;
			defaultConfigurationName = Release;
		};
		2EA1F3F4295C674D000E94A1 /* Build configuration list for PBXNativeTarget "SearchingPhotosAPI" */ = {
			isa = XCConfigurationList;
			buildConfigurations = (
				2EA1F3F5295C674D000E94A1 /* Debug */,
				2EA1F3F6295C674D000E94A1 /* Release */,
			);
			defaultConfigurationIsVisible = 0;
			defaultConfigurationName = Release;
		};
/* End XCConfigurationList section */
	};
	rootObject = 2EA1F3D8295C674D000E94A1 /* Project object */;
}
